<Solution>
  <Project Path="Umbraco.Community.AiAgentMemory/Umbraco.Community.AiAgentMemory.csproj" />
  <Project Path="Umbraco.Community.AiAgentMemory.TestSite/Umbraco.Community.AiAgentMemory.TestSite.csproj" />
  <Project Path="Umbraco.Community.AiAgentMemory.Tests/Umbraco.Community.AiAgentMemory.Tests.csproj" />
</Solution>
